
Microsoft Visual Studio Solution File, Format Version 12.00
# Visual Studio Version 17
VisualStudioVersion = 17.0.32014.148
MinimumVisualStudioVersion = 10.0.40219.1
Project("{FAE04EC0-301F-11D3-BF4B-00C04F79EFBC}") = "JordvarmeMonitorV2", "JordvarmeMonitorV2\JordvarmeMonitorV2.csproj", "{621BD0B6-2F6D-413C-8EBF-A77CFEBE58CD}"
EndProject
Project("{FAE04EC0-301F-11D3-BF4B-00C04F79EFBC}") = "JordvarmeMonitorV2.BoundedContextTests", "JordvarmeMonitorV2.BoundedContextTests\JordvarmeMonitorV2.BoundedContextTests.csproj", "{8375EF1E-E989-43A0-A76E-2E700D1A5CA7}"
EndProject
Global
	GlobalSection(SolutionConfigurationPlatforms) = preSolution
		Debug|Any CPU = Debug|Any CPU
		Release|Any CPU = Release|Any CPU
	EndGlobalSection
	GlobalSection(ProjectConfigurationPlatforms) = postSolution
		{621BD0B6-2F6D-413C-8EBF-A77CFEBE58CD}.Debug|Any CPU.ActiveCfg = Debug|Any CPU
		{621BD0B6-2F6D-413C-8EBF-A77CFEBE58CD}.Debug|Any CPU.Build.0 = Debug|Any CPU
		{621BD0B6-2F6D-413C-8EBF-A77CFEBE58CD}.Release|Any CPU.ActiveCfg = Release|Any CPU
		{621BD0B6-2F6D-413C-8EBF-A77CFEBE58CD}.Release|Any CPU.Build.0 = Release|Any CPU
		{8375EF1E-E989-43A0-A76E-2E700D1A5CA7}.Debug|Any CPU.ActiveCfg = Debug|Any CPU
		{8375EF1E-E989-43A0-A76E-2E700D1A5CA7}.Debug|Any CPU.Build.0 = Debug|Any CPU
		{8375EF1E-E989-43A0-A76E-2E700D1A5CA7}.Release|Any CPU.ActiveCfg = Release|Any CPU
		{8375EF1E-E989-43A0-A76E-2E700D1A5CA7}.Release|Any CPU.Build.0 = Release|Any CPU
	EndGlobalSection
	GlobalSection(SolutionProperties) = preSolution
		HideSolutionNode = FALSE
	EndGlobalSection
	GlobalSection(ExtensibilityGlobals) = postSolution
		SolutionGuid = {248DE607-0CB6-4D97-AA03-BBD3ABE0E58A}
	EndGlobalSection
EndGlobal
